
Microsoft Visual Studio Solution File, Format Version 12.00
# Visual Studio Version 16
VisualStudioVersion = 16.0.30204.135
MinimumVisualStudioVersion = 10.0.40219.1
Project("{9A19103F-16F7-4668-BE54-9A1E7A4F7556}") = "Biblioteca", "Biblioteca\Biblioteca.csproj", "{D6C70D37-5E10-4176-A97D-0A913AEB8F10}"
EndProject
Project("{9A19103F-16F7-4668-BE54-9A1E7A4F7556}") = "Biblioteca.Tests", "Biblioteca.Tests\Biblioteca.Tests.csproj", "{F4644957-3275-4A53-9E32-640F7BCFFE6D}"
EndProject
Global
	GlobalSection(SolutionConfigurationPlatforms) = preSolution
		Debug|Any CPU = Debug|Any CPU
		Release|Any CPU = Release|Any CPU
	EndGlobalSection
	GlobalSection(ProjectConfigurationPlatforms) = postSolution
		{D6C70D37-5E10-4176-A97D-0A913AEB8F10}.Debug|Any CPU.ActiveCfg = Debug|Any CPU
		{D6C70D37-5E10-4176-A97D-0A913AEB8F10}.Debug|Any CPU.Build.0 = Debug|Any CPU
		{D6C70D37-5E10-4176-A97D-0A913AEB8F10}.Release|Any CPU.ActiveCfg = Release|Any CPU
		{D6C70D37-5E10-4176-A97D-0A913AEB8F10}.Release|Any CPU.Build.0 = Release|Any CPU
		{F4644957-3275-4A53-9E32-640F7BCFFE6D}.Debug|Any CPU.ActiveCfg = Debug|Any CPU
		{F4644957-3275-4A53-9E32-640F7BCFFE6D}.Debug|Any CPU.Build.0 = Debug|Any CPU
		{F4644957-3275-4A53-9E32-640F7BCFFE6D}.Release|Any CPU.ActiveCfg = Release|Any CPU
		{F4644957-3275-4A53-9E32-640F7BCFFE6D}.Release|Any CPU.Build.0 = Release|Any CPU
	EndGlobalSection
	GlobalSection(SolutionProperties) = preSolution
		HideSolutionNode = FALSE
	EndGlobalSection
	GlobalSection(ExtensibilityGlobals) = postSolution
		SolutionGuid = {BFC9BF31-AA7B-4644-8D98-3843CBF00D51}
	EndGlobalSection
EndGlobal
